
Microsoft Visual Studio Solution File, Format Version 12.00
# Visual Studio Version 16
VisualStudioVersion = 25.0.1705.3
MinimumVisualStudioVersion = 10.0.40219.1
Project("{FAE04EC0-301F-11D3-BF4B-00C04F79EFBC}") = "Starter", "Starter.csproj", "{EC1C5EEA-BFB6-46B2-A3E3-98EFE7C95C68}"
EndProject
Global
	GlobalSection(SolutionConfigurationPlatforms) = preSolution
		Debug|Any CPU = Debug|Any CPU
		Release|Any CPU = Release|Any CPU
	EndGlobalSection
	GlobalSection(ProjectConfigurationPlatforms) = postSolution
		{EC1C5EEA-BFB6-46B2-A3E3-98EFE7C95C68}.Debug|Any CPU.ActiveCfg = Debug|Any CPU
		{EC1C5EEA-BFB6-46B2-A3E3-98EFE7C95C68}.Debug|Any CPU.Build.0 = Debug|Any CPU
		{EC1C5EEA-BFB6-46B2-A3E3-98EFE7C95C68}.Release|Any CPU.ActiveCfg = Release|Any CPU
		{EC1C5EEA-BFB6-46B2-A3E3-98EFE7C95C68}.Release|Any CPU.Build.0 = Release|Any CPU
	EndGlobalSection
	GlobalSection(SolutionProperties) = preSolution
		HideSolutionNode = FALSE
	EndGlobalSection
	GlobalSection(ExtensibilityGlobals) = postSolution
		SolutionGuid = {BB01C19C-0D7D-4CEE-8139-126671E5EDFE}
	EndGlobalSection
EndGlobal
